version = 1
revision = 3
requires-python = ">=3.11"

[[package]]
name = "asgiref"
version = "3.12.1"
source = { registry = "https://pypi.org/simple" }
sdist = { url = "https://files.pythonhosted.org/packages/e6/26/3b59f2bdae5f640389becb1f673cded775287f5fc4f816309d9ca9a3f93d/asgiref-3.12.1.tar.gz", hash = "sha256:59dcb51c272ad209d59bed5708a64a333083e86017d7fcdd67498eeab7784340", size = 42378, upload-time = "2026-07-14T09:56:18.087Z" }
wheels = [
    { url = "https://files.pythonhosted.org/packages/c0/1b/54f4ad77cd8a584fa70746c47df988e002cf1ee1eba43364d46f87803647/asgiref-3.12.1-py3-none-any.whl", hash = "sha256:fe386d1c2bff7259ea95929266d12a8cf9a8b5a1c2598402967d8792e7a7c094", size = 25478, upload-time = "2026-07-14T09:56:16.926Z" },
]

[[package]]
name = "django"
version = "5.2.17"
source = { registry = "https://pypi.org/simple" }
dependencies = [
    { name = "asgiref" },
    { name = "sqlparse" },
    { name = "tzdata", marker = "sys_platform == 'win32'" },
]
sdist = { url = "https://files.pythonhosted.org/packages/d5/d8/43e9d000519adceb189620b6869ff88031e046df91c2e9da72f8f6918399/django-5.2.17.tar.gz", hash = "sha256:9d4d93be539a18ab80d058eb515900e10951e04c537c5a6b394fc49528d3251f", size = 10889740, upload-time = "2026-08-04T15:04:03.173Z" }
wheels = [
    { url = "https://files.pythonhosted.org/packages/df/f8/ce120525ca78f12b07daf65786679c5d0b54a75285a8958d3ae55e39da35/django-5.2.17-py3-none-any.whl", hash = "sha256:f04fb3b36ee119e1af4fa1d397d5fd6cf12700f49321e84d4f4c642c5b1973db", size = 8315563, upload-time = "2026-08-04T15:03:59.1Z" },
]

[[package]]
name = "fairshare-backend"
version = "0.1.0"
source = { virtual = "." }
dependencies = [
    { name = "django" },
    { name = "sqlalchemy" },
]

[package.metadata]
requires-dist = [
    { name = "django", specifier = ">=5.1,<6.0" },
    { name = "sqlalchemy", specifier = ">=2.0,<3.0" },
]

[[package]]
name = "greenlet"
version = "3.5.6"
source = { registry = "https://pypi.org/simple" }
wheels = [
    { url = "https://files.pythonhosted.org/packages/f1/d7/41511ee2696f14be4200b524d9553dc4295e2bdeb20aa8962c3cb25e71c6/greenlet-3.5.6-cp311-cp311-macosx_11_0_universal2.whl", hash = "sha256:a6a4b98a9132e0f45c9fc245a63894cfd8c45fb7a0d6bffc5eab3ec327cf7324", size = 294075, upload-time = "2026-09-14T14:25:16.922Z" },
    { url = "https://files.pythonhosted.org/packages/ec/d3/63d4477ce31dff2fd802a9a20240f6606aac85977e0fb18443aae33de3f6/greenlet-3.5.6-cp311-cp311-manylinux_2_24_x86_64.manylinux_2_28_x86_64.whl", hash = "sha256:1c20ea32a73d17b9b60e3371240e17b0068120c98a5ec01a224a7dd8c89733ba", size = 624428, upload-time = "2026-09-14T14:35:56.895Z" },
    { url = "https://files.pythonhosted.org/packages/5c/01/24632b5ec186b64e21e07a8f53ce5e15a7e9cb33eddee99a5fe16379afa5/greenlet-3.5.6-cp311-cp311-musllinux_1_2_x86_64.whl", hash = "sha256:188bf333769b7145e2b0b4a7f09615ec550ed44d3a2a8395fb7b36f0e9901e13", size = 1653119, upload-time = "2026-09-14T14:35:48.275Z" },
    { url = "https://files.pythonhosted.org/packages/ce/6c/019d2ef898f4b9ac845167f1c6f73229e9a4e2439362a5e2ce50205a19b0/greenlet-3.5.6-cp311-cp311-win_amd64.whl", hash = "sha256:a6b4ff33f7e011bbaa148238d131c4fd4f8afbab3c104ddfbdb2b12b74ff7016", size = 323317, upload-time = "2026-09-14T14:22:38.836Z" },
    { url = "https://files.pythonhosted.org/packages/5a/7a/439df999455e3bdf02b1c68f3848d4020385ef0a01f89f706b07bf148a65/greenlet-3.5.6-cp311-cp311-win_arm64.whl", hash = "sha256:59deccd347735a7774223b05a93773fddbb298aba3cea21be4337fb4752dbe32", size = 307739, upload-time = "2026-09-14T14:23:40.469Z" },
    { url = "https://files.pythonhosted.org/packages/72/18/3fc6d951466ae9a2a688edcddde3b2e388da0a8244e0caf7117bbeb0eb95/greenlet-3.5.6-cp312-cp312-macosx_11_0_universal2.whl", hash = "sha256:a5876d0a60355af98d535c47f6cd6eb0f8a432396dab26845d380b92f8412422", size = 295668, upload-time = "2026-09-14T14:22:33.241Z" },
    { url = "https://files.pythonhosted.org/packages/66/6a/1594f3869c57c149abdb380492529e04d4c0229b5e4d79572c5bd0aaa673/greenlet-3.5.6-cp312-cp312-manylinux_2_24_x86_64.manylinux_2_28_x86_64.whl", hash = "sha256:975736b002ed080d124cf81a79cb7e05cb26d6b3f5c7a7b651c0fcce70353aa1", size = 621404, upload-time = "2026-09-14T14:35:59.027Z" },
    { url = "https://files.pythonhosted.org/packages/ef/31/9b4e140bc24d0ad7927ebd651f5608b0acc2334d061748c3b6ad19085cfa/greenlet-3.5.6-cp312-cp312-musllinux_1_2_x86_64.whl", hash = "sha256:3dbb4596a6a4e5d47121a33ff20533a81e60f302d9e67b69909a8bc21a43f0a7", size = 1647568, upload-time = "2026-09-14T14:35:49.787Z" },
    { url = "https://files.pythonhosted.org/packages/c3/71/d79f1791f824f8ff15c2978746640467ae932a2365e0201069f7f272395f/greenlet-3.5.6-cp312-cp312-win_amd64.whl", hash = "sha256:7ac4abb3877c43af320392c664774eef6fa2cc063c79a55fc02d844a3cbe7395", size = 324203, upload-time = "2026-09-14T14:22:54.504Z" },
    { url = "https://files.pythonhosted.org/packages/63/af/42aca4d56e8cb321912203069d8d34734cb288222f10ad2ae102718cc577/greenlet-3.5.6-cp312-cp312-win_arm64.whl", hash = "sha256:301102a49120b095e72a7838792b41233975fc1c155daec6d98f81c00c9280e0", size = 308310, upload-time = "2026-09-14T14:24:03.008Z" },
    { url = "https://files.pythonhosted.org/packages/f1/a1/e720a38852366c589e1a46cf570b886507ad2cf591050c203365638baab0/greenlet-3.5.6-cp313-cp313-macosx_11_0_universal2.whl", hash = "sha256:f96f0e30b5a95c7631b12bfe214cbc90ec8fe8cfa36920596c10514a65743519", size = 294627, upload-time = "2026-09-14T14:24:40.102Z" },
    { url = "https://files.pythonhosted.org/packages/85/cb/ab0c123c514ed4e94c0dc9ee2e86362633e6b998cfc05de7fc9ac2eb9690/greenlet-3.5.6-cp313-cp313-manylinux_2_24_x86_64.manylinux_2_28_x86_64.whl", hash = "sha256:f98e8215e172f567ce80eeaed9107fb4d32b6c44f26983d9b8334658136a205a", size = 623779, upload-time = "2026-09-14T14:36:01.104Z" },
    { url = "https://files.pythonhosted.org/packages/2f/37/50f8813163148d6234e08b23dcad6a9e37f01d148c8ec976e4c44ea2d918/greenlet-3.5.6-cp313-cp313-musllinux_1_2_x86_64.whl", hash = "sha256:06c0e933290fba8ffe53ead4ae1b8044b0e9754b75cebf381aa2bc3e50d82fac", size = 1647590, upload-time = "2026-09-14T14:35:51.173Z" },
    { url = "https://files.pythonhosted.org/packages/86/da/b7669b09586365654083a62bd0724cf06cb74bd5085a15cdd161271f992f/greenlet-3.5.6-cp313-cp313-win_amd64.whl", hash = "sha256:5b602b4201b965a8354d74e232364a66ff243dd142e350d035f46169bb36e13d", size = 324086, upload-time = "2026-09-14T14:23:48.428Z" },
    { url = "https://files.pythonhosted.org/packages/e5/5d/c9663cfe84a2a9e0aa96f066f5b0594c227ea4c647511e087e2e11d4ac0a/greenlet-3.5.6-cp313-cp313-win_arm64.whl", hash = "sha256:876077e7ebb8c84ed068e2b23d4c62ebb010d60df84b9591af1be2f39010ffb2", size = 308211, upload-time = "2026-09-14T14:28:01.634Z" },
    { url = "https://files.pythonhosted.org/packages/66/c0/d254544ae2b8bdd311aef000fafc02828c2771b17d994b3075620ea7cc6e/greenlet-3.5.6-cp314-cp314-macosx_11_0_universal2.whl", hash = "sha256:8cddea1b8339451c2fb3388e138347b6126744f33b611bdb55b7357361cfef46", size = 295221, upload-time = "2026-09-14T14:25:11.583Z" },
    { url = "https://files.pythonhosted.org/packages/45/ac/28fa7a9e50f2859466214c4ac584d776db52c1604ad4dd158960a5af2a1f/greenlet-3.5.6-cp314-cp314-manylinux_2_24_x86_64.manylinux_2_28_x86_64.whl", hash = "sha256:9a09d59bef1db94f384b5bcc2d523694d338f3df6b757aeeaf7baca5d0c0be88", size = 670773, upload-time = "2026-09-14T14:36:02.577Z" },
    { url = "https://files.pythonhosted.org/packages/f6/40/143bdbb20a516628cb15074ae52ed17d850b450292609c7a6fccac6dbece/greenlet-3.5.6-cp314-cp314-musllinux_1_2_x86_64.whl", hash = "sha256:8b27df301f56e3b3d2298095c8f7d6b68f2521f6b1693e901fa039bdbae34424", size = 1693740, upload-time = "2026-09-14T14:35:52.959Z" },
    { url = "https://files.pythonhosted.org/packages/c9/9e/019642432e6ae283301df1361227d47610709d2dc69a38f95edef266d713/greenlet-3.5.6-cp314-cp314-win_amd64.whl", hash = "sha256:f8f0bd690e1a41294ac87905e8121c81a3761ec2583c768f13467428606c8c7a", size = 327473, upload-time = "2026-09-14T14:28:12.948Z" },
    { url = "https://files.pythonhosted.org/packages/e9/7f/8aafc7bf70c948786dba7221d0dc0838e5329bebc6d434ef2208b4f0e760/greenlet-3.5.6-cp314-cp314-win_arm64.whl", hash = "sha256:8cda13494d86a4f12429641117cb6ac4bbbc9c30a33f711f7d3a2e5fbe4b0b7e", size = 311095, upload-time = "2026-09-14T14:28:00.7Z" },
    { url = "https://files.pythonhosted.org/packages/14/7e/7a205688a5b3074933b18a906608d46d106e9a79d776bdab5a4abf4b4feb/greenlet-3.5.6-cp314-cp314t-macosx_11_0_universal2.whl", hash = "sha256:97c5a53e8c1754df58e73f047a99e287d4da1bdfe64b0072fb25c87000897951", size = 305352, upload-time = "2026-09-14T14:21:31.962Z" },
    { url = "https://files.pythonhosted.org/packages/58/c5/2b6c721ba8b8963da42d5a0f57f25b8aaeb1fe9bdd156875e57f3be648a2/greenlet-3.5.6-cp314-cp314t-manylinux_2_24_x86_64.manylinux_2_28_x86_64.whl", hash = "sha256:460e70b033aba8ed47e2ac9b5d0d2157b05a34fbfa30a241400aef4118902cdc", size = 676608, upload-time = "2026-09-14T14:36:03.959Z" },
    { url = "https://files.pythonhosted.org/packages/59/bb/f02ef9073919158f6403fe3701d4ed4403d646720e7201dfc6e9d264bac3/greenlet-3.5.6-cp314-cp314t-musllinux_1_2_x86_64.whl", hash = "sha256:916f92f2a8db10508f739d0b5e00b83defe5d1115a997c54532a6d7cf8c95404", size = 1698758, upload-time = "2026-09-14T14:35:54.336Z" },
    { url = "https://files.pythonhosted.org/packages/08/a5/1f48fe647473a2dcccfd1839b2ff2c78eb57009be776b4da071e901c9bff/greenlet-3.5.6-cp314-cp314t-win_amd64.whl", hash = "sha256:886bcf1870af74c32bc310fd00a6b803445e17e51b7d5a107c7b35c0f362cc16", size = 331574, upload-time = "2026-09-14T14:27:18.451Z" },
    { url = "https://files.pythonhosted.org/packages/cd/72/3882855a75838faeb54a58aeef4fd77d20b2a86d4bad570c70d41b565dcf/greenlet-3.5.6-cp315-cp315-macosx_11_0_universal2.whl", hash = "sha256:3ac3494c381dab876cad7d0b22f3a722f3e0c8deb3a65b9e7f35ad7f58b8fcb3", size = 295926, upload-time = "2026-09-14T14:27:21.16Z" },
    { url = "https://files.pythonhosted.org/packages/fb/16/ac9e547b611539aaed1870eb1d6ddc57abdd5924b3a99bb9b5f0b44176b8/greenlet-3.5.6-cp315-cp315-manylinux_2_24_x86_64.manylinux_2_28_x86_64.whl", hash = "sha256:ccadce0130fd813ec86ebfe969a6c58b42acc1d0fe55a47525375b740e07b605", size = 675927, upload-time = "2026-09-14T14:36:05.34Z" },
    { url = "https://files.pythonhosted.org/packages/af/c5/3b1cbc68f0c082022fc8717f7fe4b8b13b8d583c52352be37f4e9f55bcd2/greenlet-3.5.6-cp315-cp315-musllinux_1_2_x86_64.whl", hash = "sha256:b374e79ffa7511afc11773aef40a4ccea6191fba1c856ea2f9c56738dca69d7a", size = 1698526, upload-time = "2026-09-14T14:35:56.039Z" },
    { url = "https://files.pythonhosted.org/packages/de/56/12941ed2711400451c89d544e10f831800a2770f19dd55eac8f0f7f2003b/greenlet-3.5.6-cp315-cp315-win_amd64.whl", hash = "sha256:7969bffa322c097bd46ae595ada6a931cefda613f18ba64587e9cff4cb320756", size = 327739, upload-time = "2026-09-14T14:23:55.768Z" },
    { url = "https://files.pythonhosted.org/packages/c5/3b/576b9ed5ac929252e340cf60b4bcb6a8515350dc20797064b1922dc4ea75/greenlet-3.5.6-cp315-cp315-win_arm64.whl", hash = "sha256:8dba0129b93e7091dfefaf4cf7000172741bff7f47bf6326fcf17f32fbb54d6b", size = 311715, upload-time = "2026-09-14T14:28:25.154Z" },
    { url = "https://files.pythonhosted.org/packages/16/c2/86cfc5555a98e12b86966ddbd24fd39af32f71f2f785c6595b7feb2db156/greenlet-3.5.6-cp315-cp315t-macosx_11_0_universal2.whl", hash = "sha256:de3de000d459402cda015068fd135aa50c0bf6f2477a80d4da1e646f123b4e78", size = 306244, upload-time = "2026-09-14T14:27:57.565Z" },
    { url = "https://files.pythonhosted.org/packages/62/19/00e1bee5d2af890dc8f400b54d0b0f9b489965f92bc12b407ff72cc6f469/greenlet-3.5.6-cp315-cp315t-manylinux_2_24_x86_64.manylinux_2_28_x86_64.whl", hash = "sha256:311018b46472fb26ee85870847fb89eb64cc8aaddb617400789d87076f7cfeec", size = 681253, upload-time = "2026-09-14T14:36:06.742Z" },
    { url = "https://files.pythonhosted.org/packages/e0/36/b35747582fa4f1a5453f8f3002405dbac788e450cec7674dc2d204b6ccb5/greenlet-3.5.6-cp315-cp315t-musllinux_1_2_x86_64.whl", hash = "sha256:de9923832f2d8c1a5ecd8d7260465a6ca5a86888a0d129e3bd5cf0406d2fc5bf", size = 1702383, upload-time = "2026-09-14T14:35:58.143Z" },
    { url = "https://files.pythonhosted.org/packages/ed/69/6ec22ac9351e474d2a134d0ff9400dc80362d1c20f0721088ffffdfc205b/greenlet-3.5.6-cp315-cp315t-win_amd64.whl", hash = "sha256:2ab5f42ac6c238eb71770715e6e909ad9a1a92b6c681ccb64cd5a0f07edb953f", size = 331845, upload-time = "2026-09-14T14:27:41.723Z" },
    { url = "https://files.pythonhosted.org/packages/30/cf/697c051fd534e223461fb8b523890e21a24eeca229cd50624cff6f02fabd/greenlet-3.5.6-cp315-cp315t-win_arm64.whl", hash = "sha256:f9fe868463ec7e1363733af77e38a5fda3e9b63940337048c945d69e0c80ff24", size = 315070, upload-time = "2026-09-14T14:22:21.476Z" },
]

[[package]]
name = "sqlalchemy"
version = "2.0.52"
source = { registry = "https://pypi.org/simple" }
dependencies = [
    { name = "greenlet", marker = "platform_machine == 'AMD64' or platform_machine == 'WIN32' or platform_machine == 'aarch64' or platform_machine == 'amd64' or platform_machine == 'ppc64le' or platform_machine == 'win32' or platform_machine == 'x86_64'" },
    { name = "typing-extensions" },
]
sdist = { url = "https://files.pythonhosted.org/packages/3b/21/77b4c147963073040dc3c3a5cb7a8c3001a1893c0209432cb77f9df836aa/sqlalchemy-2.0.52.tar.gz", hash = "sha256:5e2d46356ac2ccb7d268ab6c2319ac6a2b42f1b8d5fd8bd3d46855cd82abee97", size = 9945637, upload-time = "2026-08-11T19:07:09.829Z" }
wheels = [
    { url = "https://files.pythonhosted.org/packages/6b/08/cc5f7627b92f1456bc0b5fb7e98af4600248abe422a44da0d17a3fe6a448/sqlalchemy-2.0.52-cp311-cp311-macosx_11_0_arm64.whl", hash = "sha256:e0c3ce43907374889f3352bdcc6195c970148a2cb71574cd0237a5071a37fb6c", size = 2172460, upload-time = "2026-08-11T20:58:22.429Z" },
    { url = "https://files.pythonhosted.org/packages/ed/dc/9a2abad8bfc8fdcd38c64adc056aeefab7aaa96ecd32f5e8c140e6375f17/sqlalchemy-2.0.52-cp311-cp311-manylinux2014_aarch64.manylinux_2_17_aarch64.manylinux_2_28_aarch64.whl", hash = "sha256:7a0d48c4b80717c61385b4e966e087c839a66cfd7b780641dcb428f4dba65608", size = 3355720, upload-time = "2026-08-11T21:00:06.746Z" },
    { url = "https://files.pythonhosted.org/packages/a8/73/e75597b5841043e3c74055d00d4feb53d9a49a5c89ba2450d2d9aab53597/sqlalchemy-2.0.52-cp311-cp311-manylinux2014_x86_64.manylinux_2_17_x86_64.manylinux_2_28_x86_64.whl", hash = "sha256:938325a5373267afc53bfbe72983b20fbd64ca47842aac62433c3da1137ecff1", size = 3354394, upload-time = "2026-08-11T21:05:51.454Z" },
    { url = "https://files.pythonhosted.org/packages/12/25/410fbc6c2f1fa8310f4ef1b6847d47d0ac1c042c7b4e81eaaca063d030a9/sqlalchemy-2.0.52-cp311-cp311-musllinux_1_2_aarch64.whl", hash = "sha256:5f8438a98d49424acf69d0d53c0a522951dfe49a6f2d86417fbb37ad3066ab43", size = 3306991, upload-time = "2026-08-11T21:00:08.603Z" },
    { url = "https://files.pythonhosted.org/packages/b2/ba/25ffd5c24681ea4b46e62c80ceca8200ce204de1773366321306cf3f608a/sqlalchemy-2.0.52-cp311-cp311-musllinux_1_2_x86_64.whl", hash = "sha256:4699dbb8d396d199e7e78fd4d525e3ad3d6008a9c8c0160b87e74c606c2c3736", size = 3327454, upload-time = "2026-08-11T21:05:53.368Z" },
    { url = "https://files.pythonhosted.org/packages/c2/f1/0f1b1d4800e51218e736a06ed55a3b2a59c257600bbaca7673bf13d2dbec/sqlalchemy-2.0.52-cp311-cp311-win32.whl", hash = "sha256:cef328349452ae152637df4d11ce5a0919ecdf0a363e16c830c3518ee33bde72", size = 2131248, upload-time = "2026-08-11T21:09:50.765Z" },
    { url = "https://files.pythonhosted.org/packages/7a/f0/04d2ac5ad66f3d31278f37064ed5f5ef3fe653f7bdaa67036663f223d186/sqlalchemy-2.0.52-cp311-cp311-win_amd64.whl", hash = "sha256:f1c850792a3b25a3ad74dade3f05e4f402cdebfea27438bcadafaa1617f77bcc", size = 2156943, upload-time = "2026-08-11T21:09:51.979Z" },
    { url = "https://files.pythonhosted.org/packages/e0/d5/1b77a026d161f98a08f11af1a5f6c47b98ee7c7e2648af525a1004826c78/sqlalchemy-2.0.52-cp312-cp312-macosx_11_0_arm64.whl", hash = "sha256:be8c49131665dfe2cc74c498aa1240ffb548d0fd901325dd11c2c7a18956f727", size = 2170940, upload-time = "2026-08-11T20:58:11.25Z" },
    { url = "https://files.pythonhosted.org/packages/54/bd/f444444adb37b5d53753fb1730ee7a421628e2e3b756c4da461af7e6394a/sqlalchemy-2.0.52-cp312-cp312-manylinux2014_aarch64.manylinux_2_17_aarch64.manylinux_2_28_aarch64.whl", hash = "sha256:1b2d9e507a458832adcfbd8af6e2036ddf069b7710b799448542ebccae2dceee", size = 3383415, upload-time = "2026-08-11T21:02:38.534Z" },
    { url = "https://files.pythonhosted.org/packages/be/57/2eadf93a552568c57e8680b7e58bb5e9770d80942a1bdbaf4f2f63f0d7c8/sqlalchemy-2.0.52-cp312-cp312-manylinux2014_x86_64.manylinux_2_17_x86_64.manylinux_2_28_x86_64.whl", hash = "sha256:8738008376d22f30f411ea3efecf39b51110b6996d80bb73786f30bcfdd5fd3b", size = 3398577, upload-time = "2026-08-11T21:16:59.092Z" },
    { url = "https://files.pythonhosted.org/packages/15/c3/2887cf9dd111d1fbf05d22165b404c221ef43e029f7a2695e7302f27a7cc/sqlalchemy-2.0.52-cp312-cp312-musllinux_1_2_aarch64.whl", hash = "sha256:37a4d548327b6cab9c7d8cdb4e0e82feabee0110c4d150059068e2d1cfbd99ee", size = 3328225, upload-time = "2026-08-11T21:02:40.183Z" },
    { url = "https://files.pythonhosted.org/packages/02/0f/466bdf9e1feeeef5587f868c187d8687e21ff8c85b1775e9041130181132/sqlalchemy-2.0.52-cp312-cp312-musllinux_1_2_x86_64.whl", hash = "sha256:e49f51a5d59857a7a0dcaf9469febf7197d9394bd88f00d69c2c4e848112cdbf", size = 3357374, upload-time = "2026-08-11T21:17:01.076Z" },
    { url = "https://files.pythonhosted.org/packages/22/20/5c2b4583904af4173076dda1c9e53c9e2ffc7a702d2efde0216bbacbf7cb/sqlalchemy-2.0.52-cp312-cp312-win32.whl", hash = "sha256:afda3ec521d0517d0de783fc70030775841900896d832de5bbd066549290470e", size = 2129366, upload-time = "2026-08-11T21:14:50.991Z" },
    { url = "https://files.pythonhosted.org/packages/ed/06/543dab8ef62d4e9fb96fb31a30c2b8b14a8763bccf48d428294d6b3041c0/sqlalchemy-2.0.52-cp312-cp312-win_amd64.whl", hash = "sha256:2d5e53e36e37129fe0be8b9d08b6e4052c10a963ee6cda56c8c10dcc194b99ca", size = 2157344, upload-time = "2026-08-11T21:14:52.453Z" },
    { url = "https://files.pythonhosted.org/packages/7f/18/e30c6fe1eca1bf34a39fbdd6066121cc9974c850faf6f349eac563697a26/sqlalchemy-2.0.52-cp313-cp313-macosx_11_0_arm64.whl", hash = "sha256:2eb3c6a64b1bfe6704777cfd504e7b8ad093a5f3e03ce67663a5e6742f294e43", size = 2167724, upload-time = "2026-08-11T20:58:12.679Z" },
    { url = "https://files.pythonhosted.org/packages/d0/56/2e17d161a4f7ecc1c2ffb93e607b4e1898bb551b451b283235acb8f6ce47/sqlalchemy-2.0.52-cp313-cp313-manylinux2014_aarch64.manylinux_2_17_aarch64.manylinux_2_28_aarch64.whl", hash = "sha256:923bb183c1dc64fdf7b717965e3d59938ec4f8b8710b419a21ce403e5da9a9e1", size = 3321189, upload-time = "2026-08-11T21:02:41.932Z" },
    { url = "https://files.pythonhosted.org/packages/cf/b8/8490916e893f3f8d74dc9cc54c078619364999dee37047a188e73abbc852/sqlalchemy-2.0.52-cp313-cp313-manylinux2014_x86_64.manylinux_2_17_x86_64.manylinux_2_28_x86_64.whl", hash = "sha256:651d6d8782e80679e6151707c7b490834d46ada526328895abf567f25e63d29c", size = 3338185, upload-time = "2026-08-11T21:17:02.597Z" },
    { url = "https://files.pythonhosted.org/packages/8b/f7/752cc8ee453da222829b3f5c4613614bf750d97429363b70414fa10478e4/sqlalchemy-2.0.52-cp313-cp313-musllinux_1_2_aarch64.whl", hash = "sha256:b08cddb8989775e3c88799d86704bdfc3ee6e9846118201aa5997f16f27e3a15", size = 3271698, upload-time = "2026-08-11T21:02:43.963Z" },
    { url = "https://files.pythonhosted.org/packages/51/e6/074ade0c07b9e4c8e8bca46820320ed94df9702afdb6f2af06623068d2e6/sqlalchemy-2.0.52-cp313-cp313-musllinux_1_2_x86_64.whl", hash = "sha256:ab66fa9618269390d4dfa222f2f2f88f7bc4bf5da13905131b818217db7e8057", size = 3308936, upload-time = "2026-08-11T21:17:04.172Z" },
    { url = "https://files.pythonhosted.org/packages/66/07/557c0d04716705599227945ac14e0a17ad0338e899f37d8c2ddff4dcc663/sqlalchemy-2.0.52-cp313-cp313-win32.whl", hash = "sha256:c63bda077685c85ca513286547a531ba57e7a68cf0a7ed3bafcc2bbd18896f4d", size = 2127308, upload-time = "2026-08-11T21:14:53.879Z" },
    { url = "https://files.pythonhosted.org/packages/96/4e/226eda27654318ce525d043025221f689abef883da2c7126f9065121618c/sqlalchemy-2.0.52-cp313-cp313-win_amd64.whl", hash = "sha256:9876b09b9f1ce7398b0ffece585c0a911244c53191187341f6bcae640e133751", size = 2153876, upload-time = "2026-08-11T21:14:55.527Z" },
    { url = "https://files.pythonhosted.org/packages/d5/f5/71cb30af58c9b80a4e1fac0b73bb48f86d497a774a6a2eb6d2f1e657bb73/sqlalchemy-2.0.52-cp314-cp314-macosx_11_0_arm64.whl", hash = "sha256:410d52be41d17f1a236d19520fbe776257dc16516ed06bd16d433311842aefd9", size = 2169537, upload-time = "2026-08-11T20:58:13.855Z" },
    { url = "https://files.pythonhosted.org/packages/4c/93/d07ebd645d1b07b6b5ed63450a70f063a346a7e0f2c8810daf2e532400cb/sqlalchemy-2.0.52-cp314-cp314-manylinux2014_aarch64.manylinux_2_17_aarch64.manylinux_2_28_aarch64.whl", hash = "sha256:dfe9ce533dbe4d0a2ae1486546619bd30b76bcd670539a44d910361376175f5e", size = 3319606, upload-time = "2026-08-11T21:02:45.829Z" },
    { url = "https://files.pythonhosted.org/packages/ae/5c/290c84c7c2566ecd3b65baaae0fddec9bc33b033b398a06123bb86fbfc6e/sqlalchemy-2.0.52-cp314-cp314-manylinux2014_x86_64.manylinux_2_17_x86_64.manylinux_2_28_x86_64.whl", hash = "sha256:812bae5138bfc0aa46fb0686da0fc7f581f68e2bbb05bc24c3713bebaedd1437", size = 3323642, upload-time = "2026-08-11T21:17:05.675Z" },
    { url = "https://files.pythonhosted.org/packages/13/f5/2cc160590ca49173359557880b92a0572293ccb899e8f6cedf150c5a3ddf/sqlalchemy-2.0.52-cp314-cp314-musllinux_1_2_aarch64.whl", hash = "sha256:50bff43b632a56fbf5ed9afdd76307e1512b62051bcd5afb341ae67205bbb6c8", size = 3268125, upload-time = "2026-08-11T21:02:47.649Z" },
    { url = "https://files.pythonhosted.org/packages/35/f3/ea8933fc9f7d1353e9c2ff9965eae687c4cef181120574591ed2fa0633e1/sqlalchemy-2.0.52-cp314-cp314-musllinux_1_2_x86_64.whl", hash = "sha256:49565daf5af554f538e23aef1fc81a95a4e49658f152285e45c02f5fc44f04cd", size = 3289516, upload-time = "2026-08-11T21:17:07.267Z" },
    { url = "https://files.pythonhosted.org/packages/45/67/05cf86541c1e1716fca1e4a996954a439cd74501707cda607fb7cb02ef50/sqlalchemy-2.0.52-cp314-cp314-win32.whl", hash = "sha256:ab9da41e61b9979b910499d633b241df20c51ee5037e5405b11c2faac3cbe1a2", size = 2130249, upload-time = "2026-08-11T21:14:57.273Z" },
    { url = "https://files.pythonhosted.org/packages/96/d7/8ac6ffa1e36169e762ef65bd835046abb2251b1bc17f8f6708e14ed8d31f/sqlalchemy-2.0.52-cp314-cp314-win_amd64.whl", hash = "sha256:a593db51b3bae75db17a5738ad5f992244b3a03863f83c28117ee482c6a3f76d", size = 2156718, upload-time = "2026-08-11T21:14:58.667Z" },
    { url = "https://files.pythonhosted.org/packages/dc/4b/e01a737eef378e734cc6394a82248a6ce13b167dfa36c731075ce9fc9c64/sqlalchemy-2.0.52-cp314-cp314t-macosx_11_0_arm64.whl", hash = "sha256:c1e61d08bdf4ee2f41024569e3400de7d6734ba498144766b11260936ccfa582", size = 2190344, upload-time = "2026-08-11T19:53:21.393Z" },
    { url = "https://files.pythonhosted.org/packages/b3/3f/3582293d1e185e71d19d7c731c3e2ee20ba21981c4a1115c0806c1f62120/sqlalchemy-2.0.52-py3-none-any.whl", hash = "sha256:3b81b8363a919ce53453591cdb93702e6bd54ade6c4fa2f468fc053baee5ed89", size = 1950700, upload-time = "2026-08-11T20:47:21.603Z" },
]

[[package]]
name = "sqlparse"
version = "0.6.0"
source = { registry = "https://pypi.org/simple" }
sdist = { url = "https://files.pythonhosted.org/packages/5f/d3/3f06a1006f2261d1342aefb3c71eed02f5d4ca5bdbecd86ebc12ad38306e/sqlparse-0.6.0.tar.gz", hash = "sha256:113c35c75365ab9cc9c7231d68c6428fb11c085fc8e9eb1ad659b7ddbf6cd2b9", size = 178477, upload-time = "2026-08-13T19:16:06.396Z" }
wheels = [
    { url = "https://files.pythonhosted.org/packages/d9/50/f00935da0ec7cbf325f8dc4f772ae46fbc7b672dd62876e73f0a94adda57/sqlparse-0.6.0-py3-none-any.whl", hash = "sha256:b861c0288ce2fa56209a9a6412d2e066ac664b3873b89c26c9d8415e8e32996f", size = 50070, upload-time = "2026-08-13T19:16:04.062Z" },
]

[[package]]
name = "typing-extensions"
version = "4.16.0"
source = { registry = "https://pypi.org/simple" }
sdist = { url = "https://files.pythonhosted.org/packages/f6/cc/6253133b5bb138fc3306cebfbda2c520f545d36b5be2c7255cc528bb45d6/typing_extensions-4.16.0.tar.gz", hash = "sha256:dc983d19a509c94dba722ee6abd33940f7c05a89e243c47e907eb4db6f1a43e5", size = 113555, upload-time = "2026-07-02T08:40:05.92Z" }
wheels = [
    { url = "https://files.pythonhosted.org/packages/49/d3/b8441a820a491ddfc024b0b0cf0393375b75ea13866d9c66727e54c2fc80/typing_extensions-4.16.0-py3-none-any.whl", hash = "sha256:481caa481374e813c1b176ada14e97f1f67a4539ce9cfeb3f350d78d6370c2e8", size = 45571, upload-time = "2026-07-02T08:40:04.659Z" },
]

[[package]]
name = "tzdata"
version = "2026.4"
source = { registry = "https://pypi.org/simple" }
sdist = { url = "https://files.pythonhosted.org/packages/e4/31/3d74fa778a63b98b7374323befcc0be5ab3bd94afd4096a0124e7379152c/tzdata-2026.4.tar.gz", hash = "sha256:f1b8bd365d8d210c55353f4d7f8d6d8561c0ba50d704b700d195a9424bba0d79", size = 199350, upload-time = "2026-09-12T12:56:03.251Z" }
wheels = [
    { url = "https://files.pythonhosted.org/packages/f9/bc/8737e8d54cf51106118039b83f485a4783112fab49ea9d044b234978a46e/tzdata-2026.4-py2.py3-none-any.whl", hash = "sha256:c2169a8b0a7a5e9674da5a135ccdfb2b3e671b333ed9fed17b41f73c34476e81", size = 347494, upload-time = "2026-09-12T12:56:01.67Z" },
]
